
Microsoft Visual Studio Solution File, Format Version 12.00
# Visual Studio 15
VisualStudioVersion = 15.0.28307.421
MinimumVisualStudioVersion = 10.0.40219.1
Project("{2150E333-8FDC-42A3-9474-1A3956D46DE8}") = "HW4", "HW4", "{6205EEFE-C1CC-401D-8FEE-B0B705AD246B}"
EndProject
Project("{FAE04EC0-301F-11D3-BF4B-00C04F79EFBC}") = "RJL.UIP.CPro.HW4.WeatherStatistic", "RJL.UIP.CPro.HW4.WeatherStatistic\RJL.UIP.CPro.HW4.WeatherStatistic.csproj", "{ECE1F1D8-9227-4B63-A3CB-D9E088657171}"
EndProject
Global
	GlobalSection(SolutionConfigurationPlatforms) = preSolution
		Debug|Any CPU = Debug|Any CPU
		Release|Any CPU = Release|Any CPU
	EndGlobalSection
	GlobalSection(ProjectConfigurationPlatforms) = postSolution
		{ECE1F1D8-9227-4B63-A3CB-D9E088657171}.Debug|Any CPU.ActiveCfg = Debug|Any CPU
		{ECE1F1D8-9227-4B63-A3CB-D9E088657171}.Debug|Any CPU.Build.0 = Debug|Any CPU
		{ECE1F1D8-9227-4B63-A3CB-D9E088657171}.Release|Any CPU.ActiveCfg = Release|Any CPU
		{ECE1F1D8-9227-4B63-A3CB-D9E088657171}.Release|Any CPU.Build.0 = Release|Any CPU
	EndGlobalSection
	GlobalSection(SolutionProperties) = preSolution
		HideSolutionNode = FALSE
	EndGlobalSection
	GlobalSection(NestedProjects) = preSolution
		{ECE1F1D8-9227-4B63-A3CB-D9E088657171} = {6205EEFE-C1CC-401D-8FEE-B0B705AD246B}
	EndGlobalSection
	GlobalSection(ExtensibilityGlobals) = postSolution
		SolutionGuid = {891750B8-95C2-4253-88C8-2102B871BF41}
	EndGlobalSection
EndGlobal
